{
  "name": "@crosslab-ide/integration-test",
  "version": "1.0.0",
  "lockfileVersion": 3,
  "requires": true,
  "packages": {
    "": {
      "name": "@crosslab-ide/integration-test",
      "version": "1.0.0",
      "license": "ISC",
      "dependencies": {
        "@crosslab-ide/soa-client": "file:../shared/soa-client-js",
        "@crosslab-ide/soa-service-file": "file:../shared/file-service-js"
      },
      "devDependencies": {
        "@cross-lab-project/api-client": "file:../crosslab/clients/api/js",
        "@playwright/test": "^1.47.1",
        "@types/node": "^22.5.5",
        "typescript": "^5.6.2"
      }
    },
    "../crosslab/clients/api/js": {
      "name": "@cross-lab-project/api-client",
      "dev": true,
      "license": "ISC",
      "dependencies": {
        "ajv-formats": "^2.1.1",
        "cross-fetch": "^4.0.0"
      },
      "devDependencies": {
        "@cross-lab-project/codegen-typescript-addon": "file:../../../helper/crosslab-typescript-addon",
        "@cross-lab-project/openapi-codegen": "file:../../../helper/openapi-codegeneration",
        "@trivago/prettier-plugin-sort-imports": "^4.2.0",
        "@types/node": "^20.5.9",
        "@typescript-eslint/eslint-plugin": "^6.6.0",
        "@typescript-eslint/parser": "^6.6.0",
        "eslint": "^8.34.0",
        "prettier": "^3.0.3",
        "typedoc": "^0.25.1",
        "typescript": "^5.2.2"
      }
    },
    "../crosslab/clients/soa/js": {
      "name": "@cross-lab-project/soa-client",
      "extraneous": true,
      "license": "UNLICENSED",
      "dependencies": {
        "isomorphic-ws": "^5.0.0",
        "sdp-transform": "^2.14.1",
        "tiny-typed-emitter": "^2.1.0",
        "zod": "^3.23.8"
      },
      "devDependencies": {
        "@trivago/prettier-plugin-sort-imports": "^4.2.0",
        "@types/sdp-transform": "^2.4.6",
        "@types/ws": "^8.5.5",
        "@typescript-eslint/eslint-plugin": "^6.6.0",
        "@typescript-eslint/parser": "^6.6.0",
        "eslint": "^8.48.0",
        "prettier": "^3.0.3",
        "typescript": "^5.2.2"
      }
    },
    "../shared/file-service-js": {
      "name": "@crosslab-ide/soa-service-file",
      "license": "UNLICENSED",
      "dependencies": {
        "@crosslab-ide/soa-client": "file:../soa-client-js",
        "tiny-typed-emitter": "^2.1.0"
      },
      "devDependencies": {
        "@trivago/prettier-plugin-sort-imports": "^4.2.0",
        "@typescript-eslint/eslint-plugin": "^6.6.0",
        "@typescript-eslint/parser": "^6.6.0",
        "eslint": "^8.48.0",
        "prettier": "^3.0.3",
        "typescript": "^5.2.2"
      }
    },
    "../shared/soa-client-js": {
      "name": "@crosslab-ide/soa-client",
      "license": "UNLICENSED",
      "dependencies": {
        "isomorphic-ws": "^5.0.0",
        "sdp-transform": "^2.14.1",
        "tiny-typed-emitter": "^2.1.0",
        "zod": "^3.23.8"
      },
      "devDependencies": {
        "@trivago/prettier-plugin-sort-imports": "^4.2.0",
        "@types/sdp-transform": "^2.4.6",
        "@types/ws": "^8.5.5",
        "@typescript-eslint/eslint-plugin": "^6.6.0",
        "@typescript-eslint/parser": "^6.6.0",
        "eslint": "^8.48.0",
        "prettier": "^3.0.3",
        "typescript": "^5.2.2"
      }
    },
    "node_modules/@cross-lab-project/api-client": {
      "resolved": "../crosslab/clients/api/js",
      "link": true
    },
    "node_modules/@crosslab-ide/soa-client": {
      "resolved": "../shared/soa-client-js",
      "link": true
    },
    "node_modules/@crosslab-ide/soa-service-file": {
      "resolved": "../shared/file-service-js",
      "link": true
    },
    "node_modules/@playwright/test": {
      "version": "1.47.1",
      "resolved": "https://registry.npmjs.org/@playwright/test/-/test-1.47.1.tgz",
      "integrity": "sha512-dbWpcNQZ5nj16m+A5UNScYx7HX5trIy7g4phrcitn+Nk83S32EBX/CLU4hiF4RGKX/yRc93AAqtfaXB7JWBd4Q==",
      "dev": true,
      "license": "Apache-2.0",
      "dependencies": {
        "playwright": "1.47.1"
      },
      "bin": {
        "playwright": "cli.js"
      },
      "engines": {
        "node": ">=18"
      }
    },
    "node_modules/@types/node": {
      "version": "22.5.5",
      "resolved": "https://registry.npmjs.org/@types/node/-/node-22.5.5.tgz",
      "integrity": "sha512-Xjs4y5UPO/CLdzpgR6GirZJx36yScjh73+2NlLlkFRSoQN8B0DpfXPdZGnvVmLRLOsqDpOfTNv7D9trgGhmOIA==",
      "dev": true,
      "license": "MIT",
      "dependencies": {
        "undici-types": "~6.19.2"
      }
    },
    "node_modules/fsevents": {
      "version": "2.3.2",
      "resolved": "https://registry.npmjs.org/fsevents/-/fsevents-2.3.2.tgz",
      "integrity": "sha512-xiqMQR4xAeHTuB9uWm+fFRcIOgKBMiOBP+eXiyT7jsgVCq1bkVygt00oASowB7EdtpOHaaPgKt812P9ab+DDKA==",
      "dev": true,
      "hasInstallScript": true,
      "license": "MIT",
      "optional": true,
      "os": [
        "darwin"
      ],
      "engines": {
        "node": "^8.16.0 || ^10.6.0 || >=11.0.0"
      }
    },
    "node_modules/playwright": {
      "version": "1.47.1",
      "resolved": "https://registry.npmjs.org/playwright/-/playwright-1.47.1.tgz",
      "integrity": "sha512-SUEKi6947IqYbKxRiqnbUobVZY4bF1uu+ZnZNJX9DfU1tlf2UhWfvVjLf01pQx9URsOr18bFVUKXmanYWhbfkw==",
      "dev": true,
      "license": "Apache-2.0",
      "dependencies": {
        "playwright-core": "1.47.1"
      },
      "bin": {
        "playwright": "cli.js"
      },
      "engines": {
        "node": ">=18"
      },
      "optionalDependencies": {
        "fsevents": "2.3.2"
      }
    },
    "node_modules/playwright-core": {
      "version": "1.47.1",
      "resolved": "https://registry.npmjs.org/playwright-core/-/playwright-core-1.47.1.tgz",
      "integrity": "sha512-i1iyJdLftqtt51mEk6AhYFaAJCDx0xQ/O5NU8EKaWFgMjItPVma542Nh/Aq8aLCjIJSzjaiEQGW/nyqLkGF1OQ==",
      "dev": true,
      "license": "Apache-2.0",
      "bin": {
        "playwright-core": "cli.js"
      },
      "engines": {
        "node": ">=18"
      }
    },
    "node_modules/typescript": {
      "version": "5.6.2",
      "resolved": "https://registry.npmjs.org/typescript/-/typescript-5.6.2.tgz",
      "integrity": "sha512-NW8ByodCSNCwZeghjN3o+JX5OFH0Ojg6sadjEKY4huZ52TqbJTJnDo5+Tw98lSy63NZvi4n+ez5m2u5d4PkZyw==",
      "dev": true,
      "license": "Apache-2.0",
      "bin": {
        "tsc": "bin/tsc",
        "tsserver": "bin/tsserver"
      },
      "engines": {
        "node": ">=14.17"
      }
    },
    "node_modules/undici-types": {
      "version": "6.19.8",
      "resolved": "https://registry.npmjs.org/undici-types/-/undici-types-6.19.8.tgz",
      "integrity": "sha512-ve2KP6f/JnbPBFyobGHuerC9g1FYGn/F8n1LWTwNxCEzd6IfqTwUQcNXgEtmmQ6DlRrC1hrSrBnCZPokRrDHjw==",
      "dev": true,
      "license": "MIT"
    }
  }
}
