{
  "name": "@crosslab-ide/crosslab-lsp-service",
  "version": "0.0.1",
  "lockfileVersion": 3,
  "requires": true,
  "packages": {
    "": {
      "name": "@crosslab-ide/crosslab-lsp-service",
      "version": "0.0.1",
      "license": "MIT",
      "dependencies": {
        "@crosslab-ide/abstract-messaging-channel": "file:../../shared/abstract-messaging-channel",
        "@crosslab-ide/crosslab-messaging-channel": "file:../../shared/crosslab-messaging-channel",
        "@crosslab-ide/promise-manager": "file:../../shared/promise-manager",
        "@crosslab-ide/soa-client": "file:../../shared/soa-client-js",
        "tiny-typed-emitter": "^2.1.0",
        "uuid": "^11.0.3",
        "zod": "3.23.8"
      },
      "devDependencies": {
        "typescript": "^5.7.3"
      }
    },
    "../../shared/abstract-messaging-channel": {
      "name": "@crosslab-ide/abstract-messaging-channel",
      "version": "1.0.0",
      "license": "ISC",
      "dependencies": {
        "isomorphic-ws": "^5.0.0",
        "tiny-typed-emitter": "^2.1.0",
        "ws": "^8.18.0",
        "zod": "^3.23.8"
      },
      "devDependencies": {
        "@eslint/js": "^9.7.0",
        "@types/ws": "^8.5.11",
        "eslint": "^9.7.0",
        "globals": "^15.8.0",
        "typescript": "^5.7.3",
        "typescript-eslint": "^7.16.1"
      }
    },
    "../../shared/crosslab-messaging-channel": {
      "name": "@crosslab-ide/crosslab-messaging-channel",
      "version": "0.0.1",
      "license": "MIT",
      "dependencies": {
        "@crosslab-ide/abstract-messaging-channel": "file:../abstract-messaging-channel",
        "@crosslab-ide/soa-client": "file:../../shared/soa-client-js"
      },
      "devDependencies": {
        "typescript": "^5.7.3"
      }
    },
    "../../shared/promise-manager": {
      "name": "@crosslab-ide/promise-manager",
      "version": "0.0.1",
      "license": "MIT",
      "devDependencies": {
        "typescript": "^5.7.3"
      }
    },
    "../../shared/soa-client-js": {
      "name": "@crosslab-ide/soa-client",
      "license": "UNLICENSED",
      "dependencies": {
        "isomorphic-ws": "^5.0.0",
        "sdp-transform": "^2.14.1",
        "tiny-typed-emitter": "^2.1.0",
        "zod": "^3.23.8"
      },
      "devDependencies": {
        "@trivago/prettier-plugin-sort-imports": "^4.2.0",
        "@types/sdp-transform": "^2.4.6",
        "@types/ws": "^8.5.5",
        "@typescript-eslint/eslint-plugin": "^6.6.0",
        "@typescript-eslint/parser": "^6.6.0",
        "eslint": "^8.48.0",
        "prettier": "^3.0.3",
        "typescript": "^5.7.3"
      }
    },
    "node_modules/@crosslab-ide/abstract-messaging-channel": {
      "resolved": "../../shared/abstract-messaging-channel",
      "link": true
    },
    "node_modules/@crosslab-ide/crosslab-messaging-channel": {
      "resolved": "../../shared/crosslab-messaging-channel",
      "link": true
    },
    "node_modules/@crosslab-ide/promise-manager": {
      "resolved": "../../shared/promise-manager",
      "link": true
    },
    "node_modules/@crosslab-ide/soa-client": {
      "resolved": "../../shared/soa-client-js",
      "link": true
    },
    "node_modules/tiny-typed-emitter": {
      "version": "2.1.0",
      "resolved": "https://registry.npmjs.org/tiny-typed-emitter/-/tiny-typed-emitter-2.1.0.tgz",
      "integrity": "sha512-qVtvMxeXbVej0cQWKqVSSAHmKZEHAvxdF8HEUBFWts8h+xEo5m/lEiPakuyZ3BnCBjOD8i24kzNOiOLLgsSxhA==",
      "license": "MIT"
    },
    "node_modules/typescript": {
      "version": "5.7.3",
      "resolved": "https://registry.npmjs.org/typescript/-/typescript-5.7.3.tgz",
      "integrity": "sha512-84MVSjMEHP+FQRPy3pX9sTVV/INIex71s9TL2Gm5FG/WG1SqXeKyZ0k7/blY/4FdOzI12CBy1vGc4og/eus0fw==",
      "dev": true,
      "license": "Apache-2.0",
      "bin": {
        "tsc": "bin/tsc",
        "tsserver": "bin/tsserver"
      },
      "engines": {
        "node": ">=14.17"
      }
    },
    "node_modules/uuid": {
      "version": "11.0.3",
      "resolved": "https://registry.npmjs.org/uuid/-/uuid-11.0.3.tgz",
      "integrity": "sha512-d0z310fCWv5dJwnX1Y/MncBAqGMKEzlBb1AOf7z9K8ALnd0utBX/msg/fA0+sbyN1ihbMsLhrBlnl1ak7Wa0rg==",
      "funding": [
        "https://github.com/sponsors/broofa",
        "https://github.com/sponsors/ctavan"
      ],
      "license": "MIT",
      "bin": {
        "uuid": "dist/esm/bin/uuid"
      }
    },
    "node_modules/zod": {
      "version": "3.23.8",
      "resolved": "https://registry.npmjs.org/zod/-/zod-3.23.8.tgz",
      "integrity": "sha512-XBx9AXhXktjUqnepgTiE5flcKIYWi/rme0Eaj+5Y0lftuGBq+jyRu/md4WnuxqgP1ubdpNCsYEYPxrzVHD8d6g==",
      "license": "MIT",
      "funding": {
        "url": "https://github.com/sponsors/colinhacks"
      }
    }
  }
}
