{
  "name": "@crosslab-ide/filesystem-messaging-protocol",
  "version": "0.0.1",
  "lockfileVersion": 3,
  "requires": true,
  "packages": {
    "": {
      "name": "@crosslab-ide/filesystem-messaging-protocol",
      "version": "0.0.1",
      "license": "MIT",
      "dependencies": {
        "@crosslab-ide/abstract-messaging-channel": "file:../../../shared/abstract-messaging-channel"
      },
      "devDependencies": {
        "typescript": "^5.6.2"
      },
      "peerDependencies": {
        "zod": "^3.23.8"
      }
    },
    "../../../shared/abstract-messaging-channel": {
      "name": "@crosslab-ide/abstract-messaging-channel",
      "version": "1.0.0",
      "license": "ISC",
      "dependencies": {
        "isomorphic-ws": "^5.0.0",
        "tiny-typed-emitter": "^2.1.0",
        "ws": "^8.18.0",
        "zod": "^3.23.8"
      },
      "devDependencies": {
        "@eslint/js": "^9.7.0",
        "@types/ws": "^8.5.11",
        "eslint": "^9.7.0",
        "globals": "^15.8.0",
        "typescript": "^5.5.3",
        "typescript-eslint": "^7.16.1"
      }
    },
    "node_modules/@crosslab-ide/abstract-messaging-channel": {
      "resolved": "../../../shared/abstract-messaging-channel",
      "link": true
    },
    "node_modules/typescript": {
      "version": "5.6.2",
      "resolved": "https://registry.npmjs.org/typescript/-/typescript-5.6.2.tgz",
      "integrity": "sha512-NW8ByodCSNCwZeghjN3o+JX5OFH0Ojg6sadjEKY4huZ52TqbJTJnDo5+Tw98lSy63NZvi4n+ez5m2u5d4PkZyw==",
      "dev": true,
      "license": "Apache-2.0",
      "bin": {
        "tsc": "bin/tsc",
        "tsserver": "bin/tsserver"
      },
      "engines": {
        "node": ">=14.17"
      }
    },
    "node_modules/zod": {
      "version": "3.23.8",
      "resolved": "https://registry.npmjs.org/zod/-/zod-3.23.8.tgz",
      "integrity": "sha512-XBx9AXhXktjUqnepgTiE5flcKIYWi/rme0Eaj+5Y0lftuGBq+jyRu/md4WnuxqgP1ubdpNCsYEYPxrzVHD8d6g==",
      "license": "MIT",
      "peer": true,
      "funding": {
        "url": "https://github.com/sponsors/colinhacks"
      }
    }
  }
}
